// !$*UTF8*$!
{
	archiveVersion = 1;
	classes = {
	};
	objectVersion = 50;
	objects = {

/* Begin PBXBuildFile section */
		A4C3EB742658538C000DC1B1 /* AppDelegate.m in Sources */ = {isa = PBXBuildFile; fileRef = A4C3EB732658538C000DC1B1 /* AppDelegate.m */; };
		A4C3EB772658538C000DC1B1 /* SceneDelegate.m in Sources */ = {isa = PBXBuildFile; fileRef = A4C3EB762658538C000DC1B1 /* SceneDelegate.m */; };
		A4C3EB7A2658538C000DC1B1 /* ViewController.m in Sources */ = {isa = PBXBuildFile; fileRef = A4C3EB792658538C000DC1B1 /* ViewController.m */; };
		A4C3EB7D2658538C000DC1B1 /* Main.storyboard in Resources */ = {isa = PBXBuildFile; fileRef = A4C3EB7B2658538C000DC1B1 /* Main.storyboard */; };
		A4C3EB7F2658538F000DC1B1 /* Assets.xcassets in Resources */ = {isa = PBXBuildFile; fileRef = A4C3EB7E2658538F000DC1B1 /* Assets.xcassets */; };
		A4C3EB822658538F000DC1B1 /* LaunchScreen.storyboard in Resources */ = {isa = PBXBuildFile; fileRef = A4C3EB802658538F000DC1B1 /* LaunchScreen.storyboard */; };
		A4C3EB852658538F000DC1B1 /* main.m in Sources */ = {isa = PBXBuildFile; fileRef = A4C3EB842658538F000DC1B1 /* main.m */; };
/* End PBXBuildFile section */

/* Begin PBXFileReference section */
		A4C3EB6F2658538C000DC1B1 /* reichStarPaintCode.app */ = {isa = PBXFileReference; explicitFileType = wrapper.application; includeInIndex = 0; path = reichStarPaintCode.app; sourceTree = BUILT_PRODUCTS_DIR; };
		A4C3EB722658538C000DC1B1 /* AppDelegate.h */ = {isa = PBXFileReference; lastKnownFileType = sourcecode.c.h; path = AppDelegate.h; sourceTree = "<group>"; };
		A4C3EB732658538C000DC1B1 /* AppDelegate.m */ = {isa = PBXFileReference; lastKnownFileType = sourcecode.c.objc; path = AppDelegate.m; sourceTree = "<group>"; };
		A4C3EB752658538C000DC1B1 /* SceneDelegate.h */ = {isa = PBXFileReference; lastKnownFileType = sourcecode.c.h; path = SceneDelegate.h; sourceTree = "<group>"; };
		A4C3EB762658538C000DC1B1 /* SceneDelegate.m */ = {isa = PBXFileReference; lastKnownFileType = sourcecode.c.objc; path = SceneDelegate.m; sourceTree = "<group>"; };
		A4C3EB782658538C000DC1B1 /* ViewController.h */ = {isa = PBXFileReference; lastKnownFileType = sourcecode.c.h; path = ViewController.h; sourceTree = "<group>"; };
		A4C3EB792658538C000DC1B1 /* ViewController.m */ = {isa = PBXFileReference; lastKnownFileType = sourcecode.c.objc; path = ViewController.m; sourceTree = "<group>"; };
		A4C3EB7C2658538C000DC1B1 /* Base */ = {isa = PBXFileReference; lastKnownFileType = file.storyboard; name = Base; path = Base.lproj/Main.storyboard; sourceTree = "<group>"; };
		A4C3EB7E2658538F000DC1B1 /* Assets.xcassets */ = {isa = PBXFileReference; lastKnownFileType = folder.assetcatalog; path = Assets.xcassets; sourceTree = "<group>"; };
		A4C3EB812658538F000DC1B1 /* Base */ = {isa = PBXFileReference; lastKnownFileType = file.storyboard; name = Base; path = Base.lproj/LaunchScreen.storyboard; sourceTree = "<group>"; };
		A4C3EB832658538F000DC1B1 /* Info.plist */ = {isa = PBXFileReference; lastKnownFileType = text.plist.xml; path = Info.plist; sourceTree = "<group>"; };
		A4C3EB842658538F000DC1B1 /* main.m */ = {isa = PBXFileReference; lastKnownFileType = sourcecode.c.objc; path = main.m; sourceTree = "<group>"; };
/* End PBXFileReference section */

/* Begin PBXFrameworksBuildPhase section */
		A4C3EB6C2658538C000DC1B1 /* Frameworks */ = {
			isa = PBXFrameworksBuildPhase;
			buildActionMask = 2147483647;
			files = (
			);
			runOnlyForDeploymentPostprocessing = 0;
		};
/* End PBXFrameworksBuildPhase section */

/* Begin PBXGroup section */
		A4C3EB662658538C000DC1B1 = {
			isa = PBXGroup;
			children = (
				A4C3EB712658538C000DC1B1 /* reichStarPaintCode */,
				A4C3EB702658538C000DC1B1 /* Products */,
			);
			sourceTree = "<group>";
		};
		A4C3EB702658538C000DC1B1 /* Products */ = {
			isa = PBXGroup;
			children = (
				A4C3EB6F2658538C000DC1B1 /* reichStarPaintCode.app */,
			);
			name = Products;
			sourceTree = "<group>";
		};
		A4C3EB712658538C000DC1B1 /* reichStarPaintCode */ = {
			isa = PBXGroup;
			children = (
				A4C3EB722658538C000DC1B1 /* AppDelegate.h */,
				A4C3EB732658538C000DC1B1 /* AppDelegate.m */,
				A4C3EB752658538C000DC1B1 /* SceneDelegate.h */,
				A4C3EB762658538C000DC1B1 /* SceneDelegate.m */,
				A4C3EB782658538C000DC1B1 /* ViewController.h */,
				A4C3EB792658538C000DC1B1 /* ViewController.m */,
				A4C3EB7B2658538C000DC1B1 /* Main.storyboard */,
				A4C3EB7E2658538F000DC1B1 /* Assets.xcassets */,
				A4C3EB802658538F000DC1B1 /* LaunchScreen.storyboard */,
				A4C3EB832658538F000DC1B1 /* Info.plist */,
				A4C3EB842658538F000DC1B1 /* main.m */,
			);
			path = reichStarPaintCode;
			sourceTree = "<group>";
		};
/* End PBXGroup section */

/* Begin PBXNativeTarget section */
		A4C3EB6E2658538C000DC1B1 /* reichStarPaintCode */ = {
			isa = PBXNativeTarget;
			buildConfigurationList = A4C3EB882658538F000DC1B1 /* Build configuration list for PBXNativeTarget "reichStarPaintCode" */;
			buildPhases = (
				A4C3EB6B2658538C000DC1B1 /* Sources */,
				A4C3EB6C2658538C000DC1B1 /* Frameworks */,
				A4C3EB6D2658538C000DC1B1 /* Resources */,
			);
			buildRules = (
			);
			dependencies = (
			);
			name = reichStarPaintCode;
			productName = reichStarPaintCode;
			productReference = A4C3EB6F2658538C000DC1B1 /* reichStarPaintCode.app */;
			productType = "com.apple.product-type.application";
		};
/* End PBXNativeTarget section */

/* Begin PBXProject section */
		A4C3EB672658538C000DC1B1 /* Project object */ = {
			isa = PBXProject;
			attributes = {
				LastUpgradeCheck = 1250;
				TargetAttributes = {
					A4C3EB6E2658538C000DC1B1 = {
						CreatedOnToolsVersion = 12.5;
					};
				};
			};
			buildConfigurationList = A4C3EB6A2658538C000DC1B1 /* Build configuration list for PBXProject "reichStarPaintCode" */;
			compatibilityVersion = "Xcode 9.3";
			developmentRegion = en;
			hasScannedForEncodings = 0;
			knownRegions = (
				en,
				Base,
			);
			mainGroup = A4C3EB662658538C000DC1B1;
			productRefGroup = A4C3EB702658538C000DC1B1 /* Products */;
			projectDirPath = "";
			projectRoot = "";
			targets = (
				A4C3EB6E2658538C000DC1B1 /* reichStarPaintCode */,
			);
		};
/* End PBXProject section */

/* Begin PBXResourcesBuildPhase section */
		A4C3EB6D2658538C000DC1B1 /* Resources */ = {
			isa = PBXResourcesBuildPhase;
			buildActionMask = 2147483647;
			files = (
				A4C3EB822658538F000DC1B1 /* LaunchScreen.storyboard in Resources */,
				A4C3EB7F2658538F000DC1B1 /* Assets.xcassets in Resources */,
				A4C3EB7D2658538C000DC1B1 /* Main.storyboard in Resources */,
			);
			runOnlyForDeploymentPostprocessing = 0;
		};
/* End PBXResourcesBuildPhase section */

/* Begin PBXSourcesBuildPhase section */
		A4C3EB6B2658538C000DC1B1 /* Sources */ = {
			isa = PBXSourcesBuildPhase;
			buildActionMask = 2147483647;
			files = (
				A4C3EB7A2658538C000DC1B1 /* ViewController.m in Sources */,
				A4C3EB742658538C000DC1B1 /* AppDelegate.m in Sources */,
				A4C3EB852658538F000DC1B1 /* main.m in Sources */,
				A4C3EB772658538C000DC1B1 /* SceneDelegate.m in Sources */,
			);
			runOnlyForDeploymentPostprocessing = 0;
		};
/* End PBXSourcesBuildPhase section */

/* Begin PBXVariantGroup section */
		A4C3EB7B2658538C000DC1B1 /* Main.storyboard */ = {
			isa = PBXVariantGroup;
			children = (
				A4C3EB7C2658538C000DC1B1 /* Base */,
			);
			name = Main.storyboard;
			sourceTree = "<group>";
		};
		A4C3EB802658538F000DC1B1 /* LaunchScreen.storyboard */ = {
			isa = PBXVariantGroup;
			children = (
				A4C3EB812658538F000DC1B1 /* Base */,
			);
			name = LaunchScreen.storyboard;
			sourceTree = "<group>";
		};
/* End PBXVariantGroup section */

/* Begin XCBuildConfiguration section */
		A4C3EB862658538F000DC1B1 /* Debug */ = {
			isa = XCBuildConfiguration;
			buildSettings = {
				ALWAYS_SEARCH_USER_PATHS = NO;
				CLANG_ANALYZER_NONNULL = YES;
				CLANG_ANALYZER_NUMBER_OBJECT_CONVERSION = YES_AGGRESSIVE;
				CLANG_CXX_LANGUAGE_STANDARD = "gnu++14";
				CLANG_CXX_LIBRARY = "libc++";
				CLANG_ENABLE_MODULES = YES;
				CLANG_ENABLE_OBJC_ARC = YES;
				CLANG_ENABLE_OBJC_WEAK = YES;
				CLANG_WARN_BLOCK_CAPTURE_AUTORELEASING = YES;
				CLANG_WARN_BOOL_CONVERSION = YES;
				CLANG_WARN_COMMA = YES;
				CLANG_WARN_CONSTANT_CONVERSION = YES;
				CLANG_WARN_DEPRECATED_OBJC_IMPLEMENTATIONS = YES;
				CLANG_WARN_DIRECT_OBJC_ISA_USAGE = YES_ERROR;
				CLANG_WARN_DOCUMENTATION_COMMENTS = YES;
				CLANG_WARN_EMPTY_BODY = YES;
				CLANG_WARN_ENUM_CONVERSION = YES;
				CLANG_WARN_INFINITE_RECURSION = YES;
				CLANG_WARN_INT_CONVERSION = YES;
				CLANG_WARN_NON_LITERAL_NULL_CONVERSION = YES;
				CLANG_WARN_OBJC_IMPLICIT_RETAIN_SELF = YES;
				CLANG_WARN_OBJC_LITERAL_CONVERSION = YES;
				CLANG_WARN_OBJC_ROOT_CLASS = YES_ERROR;
				CLANG_WARN_QUOTED_INCLUDE_IN_FRAMEWORK_HEADER = YES;
				CLANG_WARN_RANGE_LOOP_ANALYSIS = YES;
				CLANG_WARN_STRICT_PROTOTYPES = YES;
				CLANG_WARN_SUSPICIOUS_MOVE = YES;
				CLANG_WARN_UNGUARDED_AVAILABILITY = YES_AGGRESSIVE;
				CLANG_WARN_UNREACHABLE_CODE = YES;
				CLANG_WARN__DUPLICATE_METHOD_MATCH = YES;
				COPY_PHASE_STRIP = NO;
				DEBUG_INFORMATION_FORMAT = dwarf;
				ENABLE_STRICT_OBJC_MSGSEND = YES;
				ENABLE_TESTABILITY = YES;
				GCC_C_LANGUAGE_STANDARD = gnu11;
				GCC_DYNAMIC_NO_PIC = NO;
				GCC_NO_COMMON_BLOCKS = YES;
				GCC_OPTIMIZATION_LEVEL = 0;
				GCC_PREPROCESSOR_DEFINITIONS = (
					"DEBUG=1",
					"$(inherited)",
				);
				GCC_WARN_64_TO_32_BIT_CONVERSION = YES;
				GCC_WARN_ABOUT_RETURN_TYPE = YES_ERROR;
				GCC_WARN_UNDECLARED_SELECTOR = YES;
				GCC_WARN_UNINITIALIZED_AUTOS = YES_AGGRESSIVE;
				GCC_WARN_UNUSED_FUNCTION = YES;
				GCC_WARN_UNUSED_VARIABLE = YES;
				IPHONEOS_DEPLOYMENT_TARGET = 14.5;
				MTL_ENABLE_DEBUG_INFO = INCLUDE_SOURCE;
				MTL_FAST_MATH = YES;
				ONLY_ACTIVE_ARCH = YES;
				SDKROOT = iphoneos;
			};
			name = Debug;
		};
		A4C3EB872658538F000DC1B1 /* Release */ = {
			isa = XCBuildConfiguration;
			buildSettings = {
				ALWAYS_SEARCH_USER_PATHS = NO;
				CLANG_ANALYZER_NONNULL = YES;
				CLANG_ANALYZER_NUMBER_OBJECT_CONVERSION = YES_AGGRESSIVE;
				CLANG_CXX_LANGUAGE_STANDARD = "gnu++14";
				CLANG_CXX_LIBRARY = "libc++";
				CLANG_ENABLE_MODULES = YES;
				CLANG_ENABLE_OBJC_ARC = YES;
				CLANG_ENABLE_OBJC_WEAK = YES;
				CLANG_WARN_BLOCK_CAPTURE_AUTORELEASING = YES;
				CLANG_WARN_BOOL_CONVERSION = YES;
				CLANG_WARN_COMMA = YES;
				CLANG_WARN_CONSTANT_CONVERSION = YES;
				CLANG_WARN_DEPRECATED_OBJC_IMPLEMENTATIONS = YES;
				CLANG_WARN_DIRECT_OBJC_ISA_USAGE = YES_ERROR;
				CLANG_WARN_DOCUMENTATION_COMMENTS = YES;
				CLANG_WARN_EMPTY_BODY = YES;
				CLANG_WARN_ENUM_CONVERSION = YES;
				CLANG_WARN_INFINITE_RECURSION = YES;
				CLANG_WARN_INT_CONVERSION = YES;
				CLANG_WARN_NON_LITERAL_NULL_CONVERSION = YES;
				CLANG_WARN_OBJC_IMPLICIT_RETAIN_SELF = YES;
				CLANG_WARN_OBJC_LITERAL_CONVERSION = YES;
				CLANG_WARN_OBJC_ROOT_CLASS = YES_ERROR;
				CLANG_WARN_QUOTED_INCLUDE_IN_FRAMEWORK_HEADER = YES;
				CLANG_WARN_RANGE_LOOP_ANALYSIS = YES;
				CLANG_WARN_STRICT_PROTOTYPES = YES;
				CLANG_WARN_SUSPICIOUS_MOVE = YES;
				CLANG_WARN_UNGUARDED_AVAILABILITY = YES_AGGRESSIVE;
				CLANG_WARN_UNREACHABLE_CODE = YES;
				CLANG_WARN__DUPLICATE_METHOD_MATCH = YES;
				COPY_PHASE_STRIP = NO;
				DEBUG_INFORMATION_FORMAT = "dwarf-with-dsym";
				ENABLE_NS_ASSERTIONS = NO;
				ENABLE_STRICT_OBJC_MSGSEND = YES;
				GCC_C_LANGUAGE_STANDARD = gnu11;
				GCC_NO_COMMON_BLOCKS = YES;
				GCC_WARN_64_TO_32_BIT_CONVERSION = YES;
				GCC_WARN_ABOUT_RETURN_TYPE = YES_ERROR;
				GCC_WARN_UNDECLARED_SELECTOR = YES;
				GCC_WARN_UNINITIALIZED_AUTOS = YES_AGGRESSIVE;
				GCC_WARN_UNUSED_FUNCTION = YES;
				GCC_WARN_UNUSED_VARIABLE = YES;
				IPHONEOS_DEPLOYMENT_TARGET = 14.5;
				MTL_ENABLE_DEBUG_INFO = NO;
				MTL_FAST_MATH = YES;
				SDKROOT = iphoneos;
				VALIDATE_PRODUCT = YES;
			};
			name = Release;
		};
		A4C3EB892658538F000DC1B1 /* Debug */ = {
			isa = XCBuildConfiguration;
			buildSettings = {
				ASSETCATALOG_COMPILER_APPICON_NAME = AppIcon;
				ASSETCATALOG_COMPILER_GLOBAL_ACCENT_COLOR_NAME = AccentColor;
				CODE_SIGN_STYLE = Automatic;
				DEVELOPMENT_TEAM = 854VVF729E;
				INFOPLIST_FILE = reichStarPaintCode/Info.plist;
				LD_RUNPATH_SEARCH_PATHS = (
					"$(inherited)",
					"@executable_path/Frameworks",
				);
				PRODUCT_BUNDLE_IDENTIFIER = com.jbloit.reichStarPaintCode;
				PRODUCT_NAME = "$(TARGET_NAME)";
				TARGETED_DEVICE_FAMILY = "1,2";
			};
			name = Debug;
		};
		A4C3EB8A2658538F000DC1B1 /* Release */ = {
			isa = XCBuildConfiguration;
			buildSettings = {
				ASSETCATALOG_COMPILER_APPICON_NAME = AppIcon;
				ASSETCATALOG_COMPILER_GLOBAL_ACCENT_COLOR_NAME = AccentColor;
				CODE_SIGN_STYLE = Automatic;
				DEVELOPMENT_TEAM = 854VVF729E;
				INFOPLIST_FILE = reichStarPaintCode/Info.plist;
				LD_RUNPATH_SEARCH_PATHS = (
					"$(inherited)",
					"@executable_path/Frameworks",
				);
				PRODUCT_BUNDLE_IDENTIFIER = com.jbloit.reichStarPaintCode;
				PRODUCT_NAME = "$(TARGET_NAME)";
				TARGETED_DEVICE_FAMILY = "1,2";
			};
			name = Release;
		};
/* End XCBuildConfiguration section */

/* Begin XCConfigurationList section */
		A4C3EB6A2658538C000DC1B1 /* Build configuration list for PBXProject "reichStarPaintCode" */ = {
			isa = XCConfigurationList;
			buildConfigurations = (
				A4C3EB862658538F000DC1B1 /* Debug */,
				A4C3EB872658538F000DC1B1 /* Release */,
			);
			defaultConfigurationIsVisible = 0;
			defaultConfigurationName = Release;
		};
		A4C3EB882658538F000DC1B1 /* Build configuration list for PBXNativeTarget "reichStarPaintCode" */ = {
			isa = XCConfigurationList;
			buildConfigurations = (
				A4C3EB892658538F000DC1B1 /* Debug */,
				A4C3EB8A2658538F000DC1B1 /* Release */,
			);
			defaultConfigurationIsVisible = 0;
			defaultConfigurationName = Release;
		};
/* End XCConfigurationList section */
	};
	rootObject = A4C3EB672658538C000DC1B1 /* Project object */;
}
